
Microsoft Visual Studio Solution File, Format Version 12.00
# Visual Studio Version 17
VisualStudioVersion = 17.1.32421.90
MinimumVisualStudioVersion = 10.0.40219.1
Project("{FAE04EC0-301F-11D3-BF4B-00C04F79EFBC}") = "Programa", "Programa\Programa.csproj", "{296EB909-B17C-4B11-920D-A672BF73BF87}"
	ProjectSection(ProjectDependencies) = postProject
		{9AB0F93A-BAF9-4014-85F2-5256A678EEFC} = {9AB0F93A-BAF9-4014-85F2-5256A678EEFC}
	EndProjectSection
EndProject
Project("{FAE04EC0-301F-11D3-BF4B-00C04F79EFBC}") = "Biblioteca", "Biblioteca\Biblioteca.csproj", "{9AB0F93A-BAF9-4014-85F2-5256A678EEFC}"
EndProject
Global
	GlobalSection(SolutionConfigurationPlatforms) = preSolution
		Debug|Any CPU = Debug|Any CPU
		Release|Any CPU = Release|Any CPU
	EndGlobalSection
	GlobalSection(ProjectConfigurationPlatforms) = postSolution
		{296EB909-B17C-4B11-920D-A672BF73BF87}.Debug|Any CPU.ActiveCfg = Debug|Any CPU
		{296EB909-B17C-4B11-920D-A672BF73BF87}.Debug|Any CPU.Build.0 = Debug|Any CPU
		{296EB909-B17C-4B11-920D-A672BF73BF87}.Release|Any CPU.ActiveCfg = Release|Any CPU
		{296EB909-B17C-4B11-920D-A672BF73BF87}.Release|Any CPU.Build.0 = Release|Any CPU
		{9AB0F93A-BAF9-4014-85F2-5256A678EEFC}.Debug|Any CPU.ActiveCfg = Debug|Any CPU
		{9AB0F93A-BAF9-4014-85F2-5256A678EEFC}.Debug|Any CPU.Build.0 = Debug|Any CPU
		{9AB0F93A-BAF9-4014-85F2-5256A678EEFC}.Release|Any CPU.ActiveCfg = Release|Any CPU
		{9AB0F93A-BAF9-4014-85F2-5256A678EEFC}.Release|Any CPU.Build.0 = Release|Any CPU
	EndGlobalSection
	GlobalSection(SolutionProperties) = preSolution
		HideSolutionNode = FALSE
	EndGlobalSection
	GlobalSection(ExtensibilityGlobals) = postSolution
		SolutionGuid = {E84BD992-BE24-4A9A-AA7D-1F58A4282DA5}
	EndGlobalSection
EndGlobal
